
Microsoft Visual Studio Solution File, Format Version 12.00
# Visual Studio Version 16
VisualStudioVersion = 16.0.30804.86
MinimumVisualStudioVersion = 10.0.40219.1
Project("{FAE04EC0-301F-11D3-BF4B-00C04F79EFBC}") = "DataAccess", "DataAccess\DataAccess.csproj", "{9FD7CC60-3EBB-41B5-B85A-551D6E285DAA}"
EndProject
Project("{FAE04EC0-301F-11D3-BF4B-00C04F79EFBC}") = "Business", "Business\Business.csproj", "{47CD7C97-05FC-4332-A5A0-E08A6105EFF0}"
EndProject
Project("{FAE04EC0-301F-11D3-BF4B-00C04F79EFBC}") = "Entities", "Entities\Entities.csproj", "{A7C9BE78-C9DA-47A6-A957-B2DCAA3955B6}"
EndProject
Project("{FAE04EC0-301F-11D3-BF4B-00C04F79EFBC}") = "ConsoleUI", "ConsoleUI\ConsoleUI.csproj", "{2F5076BC-D1C5-4725-A0C9-5D984F8F9670}"
EndProject
Global
	GlobalSection(SolutionConfigurationPlatforms) = preSolution
		Debug|Any CPU = Debug|Any CPU
		Release|Any CPU = Release|Any CPU
	EndGlobalSection
	GlobalSection(ProjectConfigurationPlatforms) = postSolution
		{9FD7CC60-3EBB-41B5-B85A-551D6E285DAA}.Debug|Any CPU.ActiveCfg = Debug|Any CPU
		{9FD7CC60-3EBB-41B5-B85A-551D6E285DAA}.Debug|Any CPU.Build.0 = Debug|Any CPU
		{9FD7CC60-3EBB-41B5-B85A-551D6E285DAA}.Release|Any CPU.ActiveCfg = Release|Any CPU
		{9FD7CC60-3EBB-41B5-B85A-551D6E285DAA}.Release|Any CPU.Build.0 = Release|Any CPU
		{47CD7C97-05FC-4332-A5A0-E08A6105EFF0}.Debug|Any CPU.ActiveCfg = Debug|Any CPU
		{47CD7C97-05FC-4332-A5A0-E08A6105EFF0}.Debug|Any CPU.Build.0 = Debug|Any CPU
		{47CD7C97-05FC-4332-A5A0-E08A6105EFF0}.Release|Any CPU.ActiveCfg = Release|Any CPU
		{47CD7C97-05FC-4332-A5A0-E08A6105EFF0}.Release|Any CPU.Build.0 = Release|Any CPU
		{A7C9BE78-C9DA-47A6-A957-B2DCAA3955B6}.Debug|Any CPU.ActiveCfg = Debug|Any CPU
		{A7C9BE78-C9DA-47A6-A957-B2DCAA3955B6}.Debug|Any CPU.Build.0 = Debug|Any CPU
		{A7C9BE78-C9DA-47A6-A957-B2DCAA3955B6}.Release|Any CPU.ActiveCfg = Release|Any CPU
		{A7C9BE78-C9DA-47A6-A957-B2DCAA3955B6}.Release|Any CPU.Build.0 = Release|Any CPU
		{2F5076BC-D1C5-4725-A0C9-5D984F8F9670}.Debug|Any CPU.ActiveCfg = Debug|Any CPU
		{2F5076BC-D1C5-4725-A0C9-5D984F8F9670}.Debug|Any CPU.Build.0 = Debug|Any CPU
		{2F5076BC-D1C5-4725-A0C9-5D984F8F9670}.Release|Any CPU.ActiveCfg = Release|Any CPU
		{2F5076BC-D1C5-4725-A0C9-5D984F8F9670}.Release|Any CPU.Build.0 = Release|Any CPU
	EndGlobalSection
	GlobalSection(SolutionProperties) = preSolution
		HideSolutionNode = FALSE
	EndGlobalSection
	GlobalSection(ExtensibilityGlobals) = postSolution
		SolutionGuid = {C0BBB51C-2E56-4D6E-A22E-285EAFC85CE7}
	EndGlobalSection
EndGlobal
